
Microsoft Visual Studio Solution File, Format Version 12.00
# Visual Studio Version 17
VisualStudioVersion = 17.4.33205.214
MinimumVisualStudioVersion = 10.0.40219.1
Project("{8BC9CEB8-8B4A-11D0-8D11-00A0C91BC942}") = "SimplePacker", "SimplePacker.vcxproj", "{CFAB02FE-AEF1-4E2B-B1AE-CA80AC0AC3F6}"
EndProject
Project("{8BC9CEB8-8B4A-11D0-8D11-00A0C91BC942}") = "UnpackCode", "..\UnpackCode\UnpackCode.vcxproj", "{21CB8E9B-20DE-4E84-B350-26C23ABDCF71}"
EndProject
Global
	GlobalSection(SolutionConfigurationPlatforms) = preSolution
		Debug|x64 = Debug|x64
		Debug|x86 = Debug|x86
		Release|x64 = Release|x64
		Release|x86 = Release|x86
	EndGlobalSection
	GlobalSection(ProjectConfigurationPlatforms) = postSolution
		{CFAB02FE-AEF1-4E2B-B1AE-CA80AC0AC3F6}.Debug|x64.ActiveCfg = Debug|x64
		{CFAB02FE-AEF1-4E2B-B1AE-CA80AC0AC3F6}.Debug|x64.Build.0 = Debug|x64
		{CFAB02FE-AEF1-4E2B-B1AE-CA80AC0AC3F6}.Debug|x86.ActiveCfg = Debug|Win32
		{CFAB02FE-AEF1-4E2B-B1AE-CA80AC0AC3F6}.Debug|x86.Build.0 = Debug|Win32
		{CFAB02FE-AEF1-4E2B-B1AE-CA80AC0AC3F6}.Release|x64.ActiveCfg = Release|x64
		{CFAB02FE-AEF1-4E2B-B1AE-CA80AC0AC3F6}.Release|x64.Build.0 = Release|x64
		{CFAB02FE-AEF1-4E2B-B1AE-CA80AC0AC3F6}.Release|x86.ActiveCfg = Release|Win32
		{CFAB02FE-AEF1-4E2B-B1AE-CA80AC0AC3F6}.Release|x86.Build.0 = Release|Win32
		{21CB8E9B-20DE-4E84-B350-26C23ABDCF71}.Debug|x64.ActiveCfg = Debug|x64
		{21CB8E9B-20DE-4E84-B350-26C23ABDCF71}.Debug|x64.Build.0 = Debug|x64
		{21CB8E9B-20DE-4E84-B350-26C23ABDCF71}.Debug|x86.ActiveCfg = Debug|Win32
		{21CB8E9B-20DE-4E84-B350-26C23ABDCF71}.Debug|x86.Build.0 = Debug|Win32
		{21CB8E9B-20DE-4E84-B350-26C23ABDCF71}.Release|x64.ActiveCfg = Release|x64
		{21CB8E9B-20DE-4E84-B350-26C23ABDCF71}.Release|x64.Build.0 = Release|x64
		{21CB8E9B-20DE-4E84-B350-26C23ABDCF71}.Release|x86.ActiveCfg = Release|Win32
		{21CB8E9B-20DE-4E84-B350-26C23ABDCF71}.Release|x86.Build.0 = Release|Win32
	EndGlobalSection
	GlobalSection(SolutionProperties) = preSolution
		HideSolutionNode = FALSE
	EndGlobalSection
	GlobalSection(ExtensibilityGlobals) = postSolution
		SolutionGuid = {2A4FA87F-151C-41B1-9073-FADC6B6DCCBD}
	EndGlobalSection
EndGlobal
